
Microsoft Visual Studio Solution File, Format Version 12.00
# Visual Studio Version 17
VisualStudioVersion = 17.0.31903.59
MinimumVisualStudioVersion = 10.0.40219.1
Project("{2150E333-8FDC-42A3-9474-1A3956D46DE8}") = "Chapter1", "Chapter1", "{BD020E66-7CD1-4106-9FBC-87731DCCABB0}"
EndProject
Project("{FAE04EC0-301F-11D3-BF4B-00C04F79EFBC}") = "DefineClasses", "Chapter1\DefineClasses\DefineClasses.csproj", "{F28A1AD6-270A-432F-AC05-032A213467E0}"
EndProject
Project("{FAE04EC0-301F-11D3-BF4B-00C04F79EFBC}") = "PropsMethods", "Chapter1\PropsMethods\PropsMethods.csproj", "{45274E26-C14B-4E01-A262-A1B7211A0C38}"
EndProject
Project("{FAE04EC0-301F-11D3-BF4B-00C04F79EFBC}") = "AccessModifiers", "Chapter1\AccessModifiers\AccessModifiers.csproj", "{5067AFEF-3565-40D5-BB24-3D663682F9F0}"
EndProject
Project("{FAE04EC0-301F-11D3-BF4B-00C04F79EFBC}") = "Inerhitance", "Chapter1\Inerhitance\Inerhitance.csproj", "{D3E18250-919A-41B7-93B0-A05420AD27D5}"
EndProject
Project("{2150E333-8FDC-42A3-9474-1A3956D46DE8}") = "Chapter2", "Chapter2", "{8DA6308E-6EEA-4FE2-AFA6-DFD2663D9240}"
EndProject
Project("{FAE04EC0-301F-11D3-BF4B-00C04F79EFBC}") = "ObjectInitializers", "Chapter2\ObjectInitializers\ObjectInitializers.csproj", "{EE71015C-293D-4CB8-9AD2-7E94F32745EF}"
EndProject
Project("{FAE04EC0-301F-11D3-BF4B-00C04F79EFBC}") = "ReadOnlyProps", "Chapter2\ReadOnlyProps\ReadOnlyProps.csproj", "{A599D373-225C-4DEE-8E9F-40E8B9A5C186}"
EndProject
Project("{FAE04EC0-301F-11D3-BF4B-00C04F79EFBC}") = "InitProps", "Chapter2\InitProps\InitProps.csproj", "{264E12C2-1B38-4631-B539-A180970500E9}"
EndProject
Project("{FAE04EC0-301F-11D3-BF4B-00C04F79EFBC}") = "RequiredProps", "Chapter2\RequiredProps\RequiredProps.csproj", "{87C3B332-4B02-4225-8319-37A4A8857547}"
EndProject
Project("{FAE04EC0-301F-11D3-BF4B-00C04F79EFBC}") = "Challenge", "Chapter2\Challenge\Challenge.csproj", "{DA13547E-7D27-4B14-BD40-2A4BCBBA46E2}"
EndProject
Project("{2150E333-8FDC-42A3-9474-1A3956D46DE8}") = "Chapter3", "Chapter3", "{05154462-4E33-4125-9F8D-CCE05142D727}"
EndProject
Project("{FAE04EC0-301F-11D3-BF4B-00C04F79EFBC}") = "StaticMethods", "Chapter3\StaticMethods\StaticMethods.csproj", "{887E93AB-3A79-4299-8E6D-B8104C002B4B}"
EndProject
Project("{FAE04EC0-301F-11D3-BF4B-00C04F79EFBC}") = "StaticClasses", "Chapter3\StaticClasses\StaticClasses.csproj", "{8A4C3DC0-D57E-4A64-9B51-E88A78ED31CD}"
EndProject
Project("{FAE04EC0-301F-11D3-BF4B-00C04F79EFBC}") = "StaticConstructor", "Chapter3\StaticConstructor\StaticConstructor.csproj", "{9C479D16-7504-4E97-A3A0-7477A67C43C5}"
EndProject
Project("{FAE04EC0-301F-11D3-BF4B-00C04F79EFBC}") = "Challenge", "Chapter3\Challenge\Challenge.csproj", "{2FAA0357-146B-436E-87AE-2560A8F07DA3}"
EndProject
Project("{2150E333-8FDC-42A3-9474-1A3956D46DE8}") = "Chapter4", "Chapter4", "{F13B77C7-AE91-4966-A658-84D5782BAAC8}"
EndProject
Project("{FAE04EC0-301F-11D3-BF4B-00C04F79EFBC}") = "AbstractClasses", "Chapter4\AbstractClasses\AbstractClasses.csproj", "{1EE3E8F0-FC48-4A2E-9267-DBACEEF3031E}"
EndProject
Project("{FAE04EC0-301F-11D3-BF4B-00C04F79EFBC}") = "AbstractPropsFunc", "Chapter4\AbstractPropsFunc\AbstractPropsFunc.csproj", "{D3AE4192-10B1-4B24-944A-09A86597EF7C}"
EndProject
Project("{FAE04EC0-301F-11D3-BF4B-00C04F79EFBC}") = "SealedClasses", "Chapter4\SealedClasses\SealedClasses.csproj", "{82FB99BB-E0C0-4666-8855-167483A485DA}"
EndProject
Project("{FAE04EC0-301F-11D3-BF4B-00C04F79EFBC}") = "Challenge", "Chapter4\Challenge\Challenge.csproj", "{C3D1BB8F-53B6-4F33-98C9-BD8219BF736B}"
EndProject
Project("{2150E333-8FDC-42A3-9474-1A3956D46DE8}") = "Chapter5", "Chapter5", "{D8BF5D94-0E6B-423F-978F-9016FB32BA75}"
EndProject
Project("{FAE04EC0-301F-11D3-BF4B-00C04F79EFBC}") = "DefiningTypes", "Chapter5\DefiningTypes\DefiningTypes.csproj", "{F96914CE-16CF-44F7-B94A-8CFA3E9703F4}"
EndProject
Project("{FAE04EC0-301F-11D3-BF4B-00C04F79EFBC}") = "ObjectInitialization", "Chapter5\ObjectInitialization\ObjectInitialization.csproj", "{DD343E5F-97D6-4121-9F35-D9C894ED3084}"
EndProject
Project("{FAE04EC0-301F-11D3-BF4B-00C04F79EFBC}") = "CloningAndCopyObj", "Chapter5\CloningAndCopyObj\CloningAndCopyObj.csproj", "{C3BF09BD-872D-4592-8D13-A4733A7EDA09}"
EndProject
Project("{FAE04EC0-301F-11D3-BF4B-00C04F79EFBC}") = "EqualityComparisons", "Chapter5\EqualityComparisons\EqualityComparisons.csproj", "{610BD25D-D1B8-48EA-AE51-61EE40EA76AF}"
EndProject
Project("{FAE04EC0-301F-11D3-BF4B-00C04F79EFBC}") = "Abstractions", "Chapter5\Abstractions\Abstractions.csproj", "{BE92625E-D8B6-4D51-9BF3-392C2D7D30C6}"
EndProject
Project("{FAE04EC0-301F-11D3-BF4B-00C04F79EFBC}") = "StaticClasses", "Chapter5\StaticClasses\StaticClasses.csproj", "{A7C56EF3-B602-49CA-AE61-70BB90E87965}"
EndProject
Project("{FAE04EC0-301F-11D3-BF4B-00C04F79EFBC}") = "EnumTypes", "Chapter5\EnumTypes\EnumTypes.csproj", "{2FB9F052-7114-4DBF-9098-A9F2018F0C13}"
EndProject
Project("{FAE04EC0-301F-11D3-BF4B-00C04F79EFBC}") = "StatmentIfAndSwitch", "Chapter5\StatmentIfAndSwitch\StatmentIfAndSwitch.csproj", "{869305FA-F0F3-4FCE-B4DE-EE0F2241B2EA}"
EndProject
Project("{2150E333-8FDC-42A3-9474-1A3956D46DE8}") = "Chapter6", "Chapter6", "{E57EC1DB-0A96-496D-ACA7-323628D83533}"
EndProject
Project("{FAE04EC0-301F-11D3-BF4B-00C04F79EFBC}") = "Generics", "Chapter6\Generics\Generics.csproj", "{8BC126C6-826F-4003-8E89-234B824A546D}"
EndProject
Project("{FAE04EC0-301F-11D3-BF4B-00C04F79EFBC}") = "GenericsConstraints", "Chapter6\GenericsConstraints\GenericsConstraints.csproj", "{C50CCFE2-7EDD-4CA5-8721-B825D041BEFD}"
EndProject
Project("{FAE04EC0-301F-11D3-BF4B-00C04F79EFBC}") = "Collections", "Chapter6\Collections\Collections.csproj", "{AF3AB5ED-F2EF-49CA-91CE-BDDBED75034F}"
EndProject
Project("{2150E333-8FDC-42A3-9474-1A3956D46DE8}") = "Chapter7", "Chapter7", "{68821855-94B9-47F9-BD3F-56635803130B}"
EndProject
Project("{FAE04EC0-301F-11D3-BF4B-00C04F79EFBC}") = "Exceptions", "Chapter7\Exceptions\Exceptions.csproj", "{65463ED5-E0C0-4AD4-971E-DFE6CE47EE3A}"
EndProject
Global
	GlobalSection(SolutionConfigurationPlatforms) = preSolution
		Debug|Any CPU = Debug|Any CPU
		Release|Any CPU = Release|Any CPU
	EndGlobalSection
	GlobalSection(SolutionProperties) = preSolution
		HideSolutionNode = FALSE
	EndGlobalSection
	GlobalSection(ProjectConfigurationPlatforms) = postSolution
		{F28A1AD6-270A-432F-AC05-032A213467E0}.Debug|Any CPU.ActiveCfg = Debug|Any CPU
		{F28A1AD6-270A-432F-AC05-032A213467E0}.Debug|Any CPU.Build.0 = Debug|Any CPU
		{F28A1AD6-270A-432F-AC05-032A213467E0}.Release|Any CPU.ActiveCfg = Release|Any CPU
		{F28A1AD6-270A-432F-AC05-032A213467E0}.Release|Any CPU.Build.0 = Release|Any CPU
		{45274E26-C14B-4E01-A262-A1B7211A0C38}.Debug|Any CPU.ActiveCfg = Debug|Any CPU
		{45274E26-C14B-4E01-A262-A1B7211A0C38}.Debug|Any CPU.Build.0 = Debug|Any CPU
		{45274E26-C14B-4E01-A262-A1B7211A0C38}.Release|Any CPU.ActiveCfg = Release|Any CPU
		{45274E26-C14B-4E01-A262-A1B7211A0C38}.Release|Any CPU.Build.0 = Release|Any CPU
		{5067AFEF-3565-40D5-BB24-3D663682F9F0}.Debug|Any CPU.ActiveCfg = Debug|Any CPU
		{5067AFEF-3565-40D5-BB24-3D663682F9F0}.Debug|Any CPU.Build.0 = Debug|Any CPU
		{5067AFEF-3565-40D5-BB24-3D663682F9F0}.Release|Any CPU.ActiveCfg = Release|Any CPU
		{5067AFEF-3565-40D5-BB24-3D663682F9F0}.Release|Any CPU.Build.0 = Release|Any CPU
		{D3E18250-919A-41B7-93B0-A05420AD27D5}.Debug|Any CPU.ActiveCfg = Debug|Any CPU
		{D3E18250-919A-41B7-93B0-A05420AD27D5}.Debug|Any CPU.Build.0 = Debug|Any CPU
		{D3E18250-919A-41B7-93B0-A05420AD27D5}.Release|Any CPU.ActiveCfg = Release|Any CPU
		{D3E18250-919A-41B7-93B0-A05420AD27D5}.Release|Any CPU.Build.0 = Release|Any CPU
		{EE71015C-293D-4CB8-9AD2-7E94F32745EF}.Debug|Any CPU.ActiveCfg = Debug|Any CPU
		{EE71015C-293D-4CB8-9AD2-7E94F32745EF}.Debug|Any CPU.Build.0 = Debug|Any CPU
		{EE71015C-293D-4CB8-9AD2-7E94F32745EF}.Release|Any CPU.ActiveCfg = Release|Any CPU
		{EE71015C-293D-4CB8-9AD2-7E94F32745EF}.Release|Any CPU.Build.0 = Release|Any CPU
		{A599D373-225C-4DEE-8E9F-40E8B9A5C186}.Debug|Any CPU.ActiveCfg = Debug|Any CPU
		{A599D373-225C-4DEE-8E9F-40E8B9A5C186}.Debug|Any CPU.Build.0 = Debug|Any CPU
		{A599D373-225C-4DEE-8E9F-40E8B9A5C186}.Release|Any CPU.ActiveCfg = Release|Any CPU
		{A599D373-225C-4DEE-8E9F-40E8B9A5C186}.Release|Any CPU.Build.0 = Release|Any CPU
		{264E12C2-1B38-4631-B539-A180970500E9}.Debug|Any CPU.ActiveCfg = Debug|Any CPU
		{264E12C2-1B38-4631-B539-A180970500E9}.Debug|Any CPU.Build.0 = Debug|Any CPU
		{264E12C2-1B38-4631-B539-A180970500E9}.Release|Any CPU.ActiveCfg = Release|Any CPU
		{264E12C2-1B38-4631-B539-A180970500E9}.Release|Any CPU.Build.0 = Release|Any CPU
		{87C3B332-4B02-4225-8319-37A4A8857547}.Debug|Any CPU.ActiveCfg = Debug|Any CPU
		{87C3B332-4B02-4225-8319-37A4A8857547}.Debug|Any CPU.Build.0 = Debug|Any CPU
		{87C3B332-4B02-4225-8319-37A4A8857547}.Release|Any CPU.ActiveCfg = Release|Any CPU
		{87C3B332-4B02-4225-8319-37A4A8857547}.Release|Any CPU.Build.0 = Release|Any CPU
		{DA13547E-7D27-4B14-BD40-2A4BCBBA46E2}.Debug|Any CPU.ActiveCfg = Debug|Any CPU
		{DA13547E-7D27-4B14-BD40-2A4BCBBA46E2}.Debug|Any CPU.Build.0 = Debug|Any CPU
		{DA13547E-7D27-4B14-BD40-2A4BCBBA46E2}.Release|Any CPU.ActiveCfg = Release|Any CPU
		{DA13547E-7D27-4B14-BD40-2A4BCBBA46E2}.Release|Any CPU.Build.0 = Release|Any CPU
		{887E93AB-3A79-4299-8E6D-B8104C002B4B}.Debug|Any CPU.ActiveCfg = Debug|Any CPU
		{887E93AB-3A79-4299-8E6D-B8104C002B4B}.Debug|Any CPU.Build.0 = Debug|Any CPU
		{887E93AB-3A79-4299-8E6D-B8104C002B4B}.Release|Any CPU.ActiveCfg = Release|Any CPU
		{887E93AB-3A79-4299-8E6D-B8104C002B4B}.Release|Any CPU.Build.0 = Release|Any CPU
		{8A4C3DC0-D57E-4A64-9B51-E88A78ED31CD}.Debug|Any CPU.ActiveCfg = Debug|Any CPU
		{8A4C3DC0-D57E-4A64-9B51-E88A78ED31CD}.Debug|Any CPU.Build.0 = Debug|Any CPU
		{8A4C3DC0-D57E-4A64-9B51-E88A78ED31CD}.Release|Any CPU.ActiveCfg = Release|Any CPU
		{8A4C3DC0-D57E-4A64-9B51-E88A78ED31CD}.Release|Any CPU.Build.0 = Release|Any CPU
		{9C479D16-7504-4E97-A3A0-7477A67C43C5}.Debug|Any CPU.ActiveCfg = Debug|Any CPU
		{9C479D16-7504-4E97-A3A0-7477A67C43C5}.Debug|Any CPU.Build.0 = Debug|Any CPU
		{9C479D16-7504-4E97-A3A0-7477A67C43C5}.Release|Any CPU.ActiveCfg = Release|Any CPU
		{9C479D16-7504-4E97-A3A0-7477A67C43C5}.Release|Any CPU.Build.0 = Release|Any CPU
		{2FAA0357-146B-436E-87AE-2560A8F07DA3}.Debug|Any CPU.ActiveCfg = Debug|Any CPU
		{2FAA0357-146B-436E-87AE-2560A8F07DA3}.Debug|Any CPU.Build.0 = Debug|Any CPU
		{2FAA0357-146B-436E-87AE-2560A8F07DA3}.Release|Any CPU.ActiveCfg = Release|Any CPU
		{2FAA0357-146B-436E-87AE-2560A8F07DA3}.Release|Any CPU.Build.0 = Release|Any CPU
		{1EE3E8F0-FC48-4A2E-9267-DBACEEF3031E}.Debug|Any CPU.ActiveCfg = Debug|Any CPU
		{1EE3E8F0-FC48-4A2E-9267-DBACEEF3031E}.Debug|Any CPU.Build.0 = Debug|Any CPU
		{1EE3E8F0-FC48-4A2E-9267-DBACEEF3031E}.Release|Any CPU.ActiveCfg = Release|Any CPU
		{1EE3E8F0-FC48-4A2E-9267-DBACEEF3031E}.Release|Any CPU.Build.0 = Release|Any CPU
		{D3AE4192-10B1-4B24-944A-09A86597EF7C}.Debug|Any CPU.ActiveCfg = Debug|Any CPU
		{D3AE4192-10B1-4B24-944A-09A86597EF7C}.Debug|Any CPU.Build.0 = Debug|Any CPU
		{D3AE4192-10B1-4B24-944A-09A86597EF7C}.Release|Any CPU.ActiveCfg = Release|Any CPU
		{D3AE4192-10B1-4B24-944A-09A86597EF7C}.Release|Any CPU.Build.0 = Release|Any CPU
		{82FB99BB-E0C0-4666-8855-167483A485DA}.Debug|Any CPU.ActiveCfg = Debug|Any CPU
		{82FB99BB-E0C0-4666-8855-167483A485DA}.Debug|Any CPU.Build.0 = Debug|Any CPU
		{82FB99BB-E0C0-4666-8855-167483A485DA}.Release|Any CPU.ActiveCfg = Release|Any CPU
		{82FB99BB-E0C0-4666-8855-167483A485DA}.Release|Any CPU.Build.0 = Release|Any CPU
		{C3D1BB8F-53B6-4F33-98C9-BD8219BF736B}.Debug|Any CPU.ActiveCfg = Debug|Any CPU
		{C3D1BB8F-53B6-4F33-98C9-BD8219BF736B}.Debug|Any CPU.Build.0 = Debug|Any CPU
		{C3D1BB8F-53B6-4F33-98C9-BD8219BF736B}.Release|Any CPU.ActiveCfg = Release|Any CPU
		{C3D1BB8F-53B6-4F33-98C9-BD8219BF736B}.Release|Any CPU.Build.0 = Release|Any CPU
		{F96914CE-16CF-44F7-B94A-8CFA3E9703F4}.Debug|Any CPU.ActiveCfg = Debug|Any CPU
		{F96914CE-16CF-44F7-B94A-8CFA3E9703F4}.Debug|Any CPU.Build.0 = Debug|Any CPU
		{F96914CE-16CF-44F7-B94A-8CFA3E9703F4}.Release|Any CPU.ActiveCfg = Release|Any CPU
		{F96914CE-16CF-44F7-B94A-8CFA3E9703F4}.Release|Any CPU.Build.0 = Release|Any CPU
		{DD343E5F-97D6-4121-9F35-D9C894ED3084}.Debug|Any CPU.ActiveCfg = Debug|Any CPU
		{DD343E5F-97D6-4121-9F35-D9C894ED3084}.Debug|Any CPU.Build.0 = Debug|Any CPU
		{DD343E5F-97D6-4121-9F35-D9C894ED3084}.Release|Any CPU.ActiveCfg = Release|Any CPU
		{DD343E5F-97D6-4121-9F35-D9C894ED3084}.Release|Any CPU.Build.0 = Release|Any CPU
		{C3BF09BD-872D-4592-8D13-A4733A7EDA09}.Debug|Any CPU.ActiveCfg = Debug|Any CPU
		{C3BF09BD-872D-4592-8D13-A4733A7EDA09}.Debug|Any CPU.Build.0 = Debug|Any CPU
		{C3BF09BD-872D-4592-8D13-A4733A7EDA09}.Release|Any CPU.ActiveCfg = Release|Any CPU
		{C3BF09BD-872D-4592-8D13-A4733A7EDA09}.Release|Any CPU.Build.0 = Release|Any CPU
		{610BD25D-D1B8-48EA-AE51-61EE40EA76AF}.Debug|Any CPU.ActiveCfg = Debug|Any CPU
		{610BD25D-D1B8-48EA-AE51-61EE40EA76AF}.Debug|Any CPU.Build.0 = Debug|Any CPU
		{610BD25D-D1B8-48EA-AE51-61EE40EA76AF}.Release|Any CPU.ActiveCfg = Release|Any CPU
		{610BD25D-D1B8-48EA-AE51-61EE40EA76AF}.Release|Any CPU.Build.0 = Release|Any CPU
		{BE92625E-D8B6-4D51-9BF3-392C2D7D30C6}.Debug|Any CPU.ActiveCfg = Debug|Any CPU
		{BE92625E-D8B6-4D51-9BF3-392C2D7D30C6}.Debug|Any CPU.Build.0 = Debug|Any CPU
		{BE92625E-D8B6-4D51-9BF3-392C2D7D30C6}.Release|Any CPU.ActiveCfg = Release|Any CPU
		{BE92625E-D8B6-4D51-9BF3-392C2D7D30C6}.Release|Any CPU.Build.0 = Release|Any CPU
		{A7C56EF3-B602-49CA-AE61-70BB90E87965}.Debug|Any CPU.ActiveCfg = Debug|Any CPU
		{A7C56EF3-B602-49CA-AE61-70BB90E87965}.Debug|Any CPU.Build.0 = Debug|Any CPU
		{A7C56EF3-B602-49CA-AE61-70BB90E87965}.Release|Any CPU.ActiveCfg = Release|Any CPU
		{A7C56EF3-B602-49CA-AE61-70BB90E87965}.Release|Any CPU.Build.0 = Release|Any CPU
		{2FB9F052-7114-4DBF-9098-A9F2018F0C13}.Debug|Any CPU.ActiveCfg = Debug|Any CPU
		{2FB9F052-7114-4DBF-9098-A9F2018F0C13}.Debug|Any CPU.Build.0 = Debug|Any CPU
		{2FB9F052-7114-4DBF-9098-A9F2018F0C13}.Release|Any CPU.ActiveCfg = Release|Any CPU
		{2FB9F052-7114-4DBF-9098-A9F2018F0C13}.Release|Any CPU.Build.0 = Release|Any CPU
		{869305FA-F0F3-4FCE-B4DE-EE0F2241B2EA}.Debug|Any CPU.ActiveCfg = Debug|Any CPU
		{869305FA-F0F3-4FCE-B4DE-EE0F2241B2EA}.Debug|Any CPU.Build.0 = Debug|Any CPU
		{869305FA-F0F3-4FCE-B4DE-EE0F2241B2EA}.Release|Any CPU.ActiveCfg = Release|Any CPU
		{869305FA-F0F3-4FCE-B4DE-EE0F2241B2EA}.Release|Any CPU.Build.0 = Release|Any CPU
		{8BC126C6-826F-4003-8E89-234B824A546D}.Debug|Any CPU.ActiveCfg = Debug|Any CPU
		{8BC126C6-826F-4003-8E89-234B824A546D}.Debug|Any CPU.Build.0 = Debug|Any CPU
		{8BC126C6-826F-4003-8E89-234B824A546D}.Release|Any CPU.ActiveCfg = Release|Any CPU
		{8BC126C6-826F-4003-8E89-234B824A546D}.Release|Any CPU.Build.0 = Release|Any CPU
		{C50CCFE2-7EDD-4CA5-8721-B825D041BEFD}.Debug|Any CPU.ActiveCfg = Debug|Any CPU
		{C50CCFE2-7EDD-4CA5-8721-B825D041BEFD}.Debug|Any CPU.Build.0 = Debug|Any CPU
		{C50CCFE2-7EDD-4CA5-8721-B825D041BEFD}.Release|Any CPU.ActiveCfg = Release|Any CPU
		{C50CCFE2-7EDD-4CA5-8721-B825D041BEFD}.Release|Any CPU.Build.0 = Release|Any CPU
		{AF3AB5ED-F2EF-49CA-91CE-BDDBED75034F}.Debug|Any CPU.ActiveCfg = Debug|Any CPU
		{AF3AB5ED-F2EF-49CA-91CE-BDDBED75034F}.Debug|Any CPU.Build.0 = Debug|Any CPU
		{AF3AB5ED-F2EF-49CA-91CE-BDDBED75034F}.Release|Any CPU.ActiveCfg = Release|Any CPU
		{AF3AB5ED-F2EF-49CA-91CE-BDDBED75034F}.Release|Any CPU.Build.0 = Release|Any CPU
		{65463ED5-E0C0-4AD4-971E-DFE6CE47EE3A}.Debug|Any CPU.ActiveCfg = Debug|Any CPU
		{65463ED5-E0C0-4AD4-971E-DFE6CE47EE3A}.Debug|Any CPU.Build.0 = Debug|Any CPU
		{65463ED5-E0C0-4AD4-971E-DFE6CE47EE3A}.Release|Any CPU.ActiveCfg = Release|Any CPU
		{65463ED5-E0C0-4AD4-971E-DFE6CE47EE3A}.Release|Any CPU.Build.0 = Release|Any CPU
	EndGlobalSection
	GlobalSection(NestedProjects) = preSolution
		{F28A1AD6-270A-432F-AC05-032A213467E0} = {BD020E66-7CD1-4106-9FBC-87731DCCABB0}
		{45274E26-C14B-4E01-A262-A1B7211A0C38} = {BD020E66-7CD1-4106-9FBC-87731DCCABB0}
		{5067AFEF-3565-40D5-BB24-3D663682F9F0} = {BD020E66-7CD1-4106-9FBC-87731DCCABB0}
		{D3E18250-919A-41B7-93B0-A05420AD27D5} = {BD020E66-7CD1-4106-9FBC-87731DCCABB0}
		{EE71015C-293D-4CB8-9AD2-7E94F32745EF} = {8DA6308E-6EEA-4FE2-AFA6-DFD2663D9240}
		{A599D373-225C-4DEE-8E9F-40E8B9A5C186} = {8DA6308E-6EEA-4FE2-AFA6-DFD2663D9240}
		{264E12C2-1B38-4631-B539-A180970500E9} = {8DA6308E-6EEA-4FE2-AFA6-DFD2663D9240}
		{87C3B332-4B02-4225-8319-37A4A8857547} = {8DA6308E-6EEA-4FE2-AFA6-DFD2663D9240}
		{DA13547E-7D27-4B14-BD40-2A4BCBBA46E2} = {8DA6308E-6EEA-4FE2-AFA6-DFD2663D9240}
		{887E93AB-3A79-4299-8E6D-B8104C002B4B} = {05154462-4E33-4125-9F8D-CCE05142D727}
		{8A4C3DC0-D57E-4A64-9B51-E88A78ED31CD} = {05154462-4E33-4125-9F8D-CCE05142D727}
		{9C479D16-7504-4E97-A3A0-7477A67C43C5} = {05154462-4E33-4125-9F8D-CCE05142D727}
		{2FAA0357-146B-436E-87AE-2560A8F07DA3} = {05154462-4E33-4125-9F8D-CCE05142D727}
		{1EE3E8F0-FC48-4A2E-9267-DBACEEF3031E} = {F13B77C7-AE91-4966-A658-84D5782BAAC8}
		{D3AE4192-10B1-4B24-944A-09A86597EF7C} = {F13B77C7-AE91-4966-A658-84D5782BAAC8}
		{82FB99BB-E0C0-4666-8855-167483A485DA} = {F13B77C7-AE91-4966-A658-84D5782BAAC8}
		{C3D1BB8F-53B6-4F33-98C9-BD8219BF736B} = {F13B77C7-AE91-4966-A658-84D5782BAAC8}
		{F96914CE-16CF-44F7-B94A-8CFA3E9703F4} = {D8BF5D94-0E6B-423F-978F-9016FB32BA75}
		{DD343E5F-97D6-4121-9F35-D9C894ED3084} = {D8BF5D94-0E6B-423F-978F-9016FB32BA75}
		{C3BF09BD-872D-4592-8D13-A4733A7EDA09} = {D8BF5D94-0E6B-423F-978F-9016FB32BA75}
		{610BD25D-D1B8-48EA-AE51-61EE40EA76AF} = {D8BF5D94-0E6B-423F-978F-9016FB32BA75}
		{BE92625E-D8B6-4D51-9BF3-392C2D7D30C6} = {D8BF5D94-0E6B-423F-978F-9016FB32BA75}
		{A7C56EF3-B602-49CA-AE61-70BB90E87965} = {D8BF5D94-0E6B-423F-978F-9016FB32BA75}
		{2FB9F052-7114-4DBF-9098-A9F2018F0C13} = {D8BF5D94-0E6B-423F-978F-9016FB32BA75}
		{869305FA-F0F3-4FCE-B4DE-EE0F2241B2EA} = {D8BF5D94-0E6B-423F-978F-9016FB32BA75}
		{8BC126C6-826F-4003-8E89-234B824A546D} = {E57EC1DB-0A96-496D-ACA7-323628D83533}
		{C50CCFE2-7EDD-4CA5-8721-B825D041BEFD} = {E57EC1DB-0A96-496D-ACA7-323628D83533}
		{AF3AB5ED-F2EF-49CA-91CE-BDDBED75034F} = {E57EC1DB-0A96-496D-ACA7-323628D83533}
		{65463ED5-E0C0-4AD4-971E-DFE6CE47EE3A} = {68821855-94B9-47F9-BD3F-56635803130B}
	EndGlobalSection
EndGlobal
